
Microsoft Visual Studio Solution File, Format Version 12.00
# Visual Studio 14
VisualStudioVersion = 14.0.23107.0
MinimumVisualStudioVersion = 10.0.40219.1
Project("{FAE04EC0-301F-11D3-BF4B-00C04F79EFBC}") = "Qsh2StockSharp", "Qsh2StockSharp.csproj", "{5B24FB13-5B07-4E9B-8C2E-02297BC1196E}"
EndProject
Global
	GlobalSection(SolutionConfigurationPlatforms) = preSolution
		Debug|Any CPU = Debug|Any CPU
		Release|Any CPU = Release|Any CPU
	EndGlobalSection
	GlobalSection(ProjectConfigurationPlatforms) = postSolution
		{5B24FB13-5B07-4E9B-8C2E-02297BC1196E}.Debug|Any CPU.ActiveCfg = Debug|Any CPU
		{5B24FB13-5B07-4E9B-8C2E-02297BC1196E}.Debug|Any CPU.Build.0 = Debug|Any CPU
		{5B24FB13-5B07-4E9B-8C2E-02297BC1196E}.Release|Any CPU.ActiveCfg = Release|Any CPU
		{5B24FB13-5B07-4E9B-8C2E-02297BC1196E}.Release|Any CPU.Build.0 = Release|Any CPU
	EndGlobalSection
	GlobalSection(SolutionProperties) = preSolution
		HideSolutionNode = FALSE
	EndGlobalSection
EndGlobal
